
Microsoft Visual Studio Solution File, Format Version 12.00
# Visual Studio Version 17
VisualStudioVersion = 17.8.34330.188
MinimumVisualStudioVersion = 10.0.40219.1
Project("{9A19103F-16F7-4668-BE54-9A1E7A4F7556}") = "WonderTour.Client", "WonderTour.Client\WonderTour.Client.csproj", "{0A7895B7-41CF-4977-B27D-78755960D97E}"
EndProject
Project("{9A19103F-16F7-4668-BE54-9A1E7A4F7556}") = "WonderTour.Data", "WonderTour.Data\WonderTour.Data.csproj", "{4779798C-6E59-4AC9-981D-2BC44CB07A28}"
EndProject
Global
	GlobalSection(SolutionConfigurationPlatforms) = preSolution
		Debug|Any CPU = Debug|Any CPU
		Release|Any CPU = Release|Any CPU
	EndGlobalSection
	GlobalSection(ProjectConfigurationPlatforms) = postSolution
		{0A7895B7-41CF-4977-B27D-78755960D97E}.Debug|Any CPU.ActiveCfg = Debug|Any CPU
		{0A7895B7-41CF-4977-B27D-78755960D97E}.Debug|Any CPU.Build.0 = Debug|Any CPU
		{0A7895B7-41CF-4977-B27D-78755960D97E}.Release|Any CPU.ActiveCfg = Release|Any CPU
		{0A7895B7-41CF-4977-B27D-78755960D97E}.Release|Any CPU.Build.0 = Release|Any CPU
		{4779798C-6E59-4AC9-981D-2BC44CB07A28}.Debug|Any CPU.ActiveCfg = Debug|Any CPU
		{4779798C-6E59-4AC9-981D-2BC44CB07A28}.Debug|Any CPU.Build.0 = Debug|Any CPU
		{4779798C-6E59-4AC9-981D-2BC44CB07A28}.Release|Any CPU.ActiveCfg = Release|Any CPU
		{4779798C-6E59-4AC9-981D-2BC44CB07A28}.Release|Any CPU.Build.0 = Release|Any CPU
	EndGlobalSection
	GlobalSection(SolutionProperties) = preSolution
		HideSolutionNode = FALSE
	EndGlobalSection
	GlobalSection(ExtensibilityGlobals) = postSolution
		SolutionGuid = {C9A98DF7-8A3A-4180-B07D-81211D9A27A4}
	EndGlobalSection
EndGlobal
